Microsoft Visual Studio Solution File, Format Version 12.00
# Visual Studio 2012
Project("{FAE04EC0-301F-11D3-BF4B-00C04F79EFBC}") = "Mosic", "Mosic.csproj", "{AF0C0B5A-2A4A-4126-8710-6DD8D5A43084}"
EndProject
Global
	GlobalSection(SolutionConfigurationPlatforms) = preSolution
	Debug|Any CPU = Debug|Any CPU
	ExportDebug|Any CPU = ExportDebug|Any CPU
	ExportRelease|Any CPU = ExportRelease|Any CPU
	EndGlobalSection
	GlobalSection(ProjectConfigurationPlatforms) = postSolution
		{AF0C0B5A-2A4A-4126-8710-6DD8D5A43084}.Debug|Any CPU.ActiveCfg = Debug|Any CPU
		{AF0C0B5A-2A4A-4126-8710-6DD8D5A43084}.Debug|Any CPU.Build.0 = Debug|Any CPU
		{AF0C0B5A-2A4A-4126-8710-6DD8D5A43084}.ExportDebug|Any CPU.ActiveCfg = ExportDebug|Any CPU
		{AF0C0B5A-2A4A-4126-8710-6DD8D5A43084}.ExportDebug|Any CPU.Build.0 = ExportDebug|Any CPU
		{AF0C0B5A-2A4A-4126-8710-6DD8D5A43084}.ExportRelease|Any CPU.ActiveCfg = ExportRelease|Any CPU
		{AF0C0B5A-2A4A-4126-8710-6DD8D5A43084}.ExportRelease|Any CPU.Build.0 = ExportRelease|Any CPU
	EndGlobalSection
EndGlobal
